
Microsoft Visual Studio Solution File, Format Version 12.00
# Visual Studio Version 17
VisualStudioVersion = 17.9.34728.123
MinimumVisualStudioVersion = 10.0.40219.1
Project("{FAE04EC0-301F-11D3-BF4B-00C04F79EFBC}") = "Top", "Top\Top.csproj", "{088D173C-1D09-4978-8E71-AE8326BAC09B}"
EndProject
Global
	GlobalSection(SolutionConfigurationPlatforms) = preSolution
		Debug|Any CPU = Debug|Any CPU
		Release|Any CPU = Release|Any CPU
	EndGlobalSection
	GlobalSection(ProjectConfigurationPlatforms) = postSolution
		{088D173C-1D09-4978-8E71-AE8326BAC09B}.Debug|Any CPU.ActiveCfg = Debug|Any CPU
		{088D173C-1D09-4978-8E71-AE8326BAC09B}.Debug|Any CPU.Build.0 = Debug|Any CPU
		{088D173C-1D09-4978-8E71-AE8326BAC09B}.Release|Any CPU.ActiveCfg = Release|Any CPU
		{088D173C-1D09-4978-8E71-AE8326BAC09B}.Release|Any CPU.Build.0 = Release|Any CPU
	EndGlobalSection
	GlobalSection(SolutionProperties) = preSolution
		HideSolutionNode = FALSE
	EndGlobalSection
	GlobalSection(ExtensibilityGlobals) = postSolution
		SolutionGuid = {02EC8E28-0D6E-4E77-9F52-4FF1CA73991E}
	EndGlobalSection
EndGlobal
